// !$*UTF8*$!
{
	archiveVersion = 1;
	classes = {
	};
	objectVersion = 56;
	objects = {

/* Begin PBXBuildFile section */
		BA1688C729979E4100A48EA8 /* dictioApp.swift in Sources */ = {isa = PBXBuildFile; fileRef = BA1688C629979E4100A48EA8 /* dictioApp.swift */; };
		BA1688CB29979E4200A48EA8 /* Assets.xcassets in Resources */ = {isa = PBXBuildFile; fileRef = BA1688CA29979E4200A48EA8 /* Assets.xcassets */; };
		BA1688CE29979E4200A48EA8 /* Preview Assets.xcassets in Resources */ = {isa = PBXBuildFile; fileRef = BA1688CD29979E4200A48EA8 /* Preview Assets.xcassets */; };
		BA1688E729979FC100A48EA8 /* 4-letter-words.json in Resources */ = {isa = PBXBuildFile; fileRef = BA1688DB29979FC100A48EA8 /* 4-letter-words.json */; };
		BA1688E829979FC100A48EA8 /* 7-letter-words.json in Resources */ = {isa = PBXBuildFile; fileRef = BA1688DC29979FC100A48EA8 /* 7-letter-words.json */; };
		BA1688EA29979FC100A48EA8 /* 8-letter-words.json in Resources */ = {isa = PBXBuildFile; fileRef = BA1688DE29979FC100A48EA8 /* 8-letter-words.json */; };
		BA1688EC29979FC100A48EA8 /* 9-letter-words.json in Resources */ = {isa = PBXBuildFile; fileRef = BA1688E029979FC100A48EA8 /* 9-letter-words.json */; };
		BA1688EF29979FC100A48EA8 /* 6-letter-words.json in Resources */ = {isa = PBXBuildFile; fileRef = BA1688E329979FC100A48EA8 /* 6-letter-words.json */; };
		BA1688F129979FC100A48EA8 /* 5-letter-words.json in Resources */ = {isa = PBXBuildFile; fileRef = BA1688E529979FC100A48EA8 /* 5-letter-words.json */; };
		BA1688F429979FE200A48EA8 /* correct-words.json in Resources */ = {isa = PBXBuildFile; fileRef = BA1688F329979FE200A48EA8 /* correct-words.json */; };
		BA1688F62997A08E00A48EA8 /* SwiftyJSON.swift in Sources */ = {isa = PBXBuildFile; fileRef = BA1688F52997A08E00A48EA8 /* SwiftyJSON.swift */; };
		BA1688FA2997A18600A48EA8 /* StoreKit.framework in Frameworks */ = {isa = PBXBuildFile; fileRef = BA1688F92997A18600A48EA8 /* StoreKit.framework */; };
		BA1688FC2997A30E00A48EA8 /* FunctionsClassesStructs.swift in Sources */ = {isa = PBXBuildFile; fileRef = BA1688FB2997A30E00A48EA8 /* FunctionsClassesStructs.swift */; };
		BA16890A29993E2600A48EA8 /* HomeView.swift in Sources */ = {isa = PBXBuildFile; fileRef = BA16890929993E2600A48EA8 /* HomeView.swift */; };
		BA16890C299945C200A48EA8 /* GameCenterHandlers.swift in Sources */ = {isa = PBXBuildFile; fileRef = BA16890B299945C200A48EA8 /* GameCenterHandlers.swift */; };
		BA16890E29995D5D00A48EA8 /* daily-words.json in Resources */ = {isa = PBXBuildFile; fileRef = BA16890D29995D5D00A48EA8 /* daily-words.json */; };
		BA16891029995DC700A48EA8 /* DailyWordsArrage.swift in Sources */ = {isa = PBXBuildFile; fileRef = BA16890F29995DC700A48EA8 /* DailyWordsArrage.swift */; };
		BA16891329996AE800A48EA8 /* daily-words-date.json in Resources */ = {isa = PBXBuildFile; fileRef = BA16891229996AE800A48EA8 /* daily-words-date.json */; };
		BA168915299A594E00A48EA8 /* GameView.swift in Sources */ = {isa = PBXBuildFile; fileRef = BA168914299A594E00A48EA8 /* GameView.swift */; };
		BA168917299A95F700A48EA8 /* LeaderboardView.swift in Sources */ = {isa = PBXBuildFile; fileRef = BA168916299A95F700A48EA8 /* LeaderboardView.swift */; };
		BA168919299AB17100A48EA8 /* InitialisationView.swift in Sources */ = {isa = PBXBuildFile; fileRef = BA168918299AB17100A48EA8 /* InitialisationView.swift */; };
		BA168920299AB6C400A48EA8 /* StatsView.swift in Sources */ = {isa = PBXBuildFile; fileRef = BA16891F299AB6C400A48EA8 /* StatsView.swift */; };
		BA168922299BD1A200A48EA8 /* SessionView.swift in Sources */ = {isa = PBXBuildFile; fileRef = BA168921299BD1A200A48EA8 /* SessionView.swift */; };
		BA168924299BD60200A48EA8 /* State.swift in Sources */ = {isa = PBXBuildFile; fileRef = BA168923299BD60200A48EA8 /* State.swift */; };
		BA168926299BD67900A48EA8 /* GameSettings.swift in Sources */ = {isa = PBXBuildFile; fileRef = BA168925299BD67900A48EA8 /* GameSettings.swift */; };
		BA168928299BD69C00A48EA8 /* SessionSettings.swift in Sources */ = {isa = PBXBuildFile; fileRef = BA168927299BD69C00A48EA8 /* SessionSettings.swift */; };
		BA16892B299C013900A48EA8 /* EndGameView.swift in Sources */ = {isa = PBXBuildFile; fileRef = BA16892A299C013900A48EA8 /* EndGameView.swift */; };
		BA16892D299C058400A48EA8 /* ProfileView.swift in Sources */ = {isa = PBXBuildFile; fileRef = BA16892C299C058400A48EA8 /* ProfileView.swift */; };
		BA16892F299E344D00A48EA8 /* CoinsView.swift in Sources */ = {isa = PBXBuildFile; fileRef = BA16892E299E344D00A48EA8 /* CoinsView.swift */; };
		BA168931299E3FC700A48EA8 /* CoreDataController.swift in Sources */ = {isa = PBXBuildFile; fileRef = BA168930299E3FC700A48EA8 /* CoreDataController.swift */; };
		BA168934299E44C600A48EA8 /* PlayerData.xcdatamodeld in Sources */ = {isa = PBXBuildFile; fileRef = BA168932299E44C600A48EA8 /* PlayerData.xcdatamodeld */; };
		BA168939299E99F900A48EA8 /* Game+CoreDataClass.swift in Sources */ = {isa = PBXBuildFile; fileRef = BA168935299E99F900A48EA8 /* Game+CoreDataClass.swift */; };
		BA16893A299E99F900A48EA8 /* Game+CoreDataProperties.swift in Sources */ = {isa = PBXBuildFile; fileRef = BA168936299E99F900A48EA8 /* Game+CoreDataProperties.swift */; };
		BA16893B299E99F900A48EA8 /* Guess+CoreDataClass.swift in Sources */ = {isa = PBXBuildFile; fileRef = BA168937299E99F900A48EA8 /* Guess+CoreDataClass.swift */; };
		BA16893C299E99F900A48EA8 /* Guess+CoreDataProperties.swift in Sources */ = {isa = PBXBuildFile; fileRef = BA168938299E99F900A48EA8 /* Guess+CoreDataProperties.swift */; };
/* End PBXBuildFile section */

/* Begin PBXFileReference section */
		BA1688C329979E4100A48EA8 /* dictio.app */ = {isa = PBXFileReference; explicitFileType = wrapper.application; includeInIndex = 0; path = dictio.app; sourceTree = BUILT_PRODUCTS_DIR; };
		BA1688C629979E4100A48EA8 /* dictioApp.swift */ = {isa = PBXFileReference; lastKnownFileType = sourcecode.swift; path = dictioApp.swift; sourceTree = "<group>"; };
		BA1688CA29979E4200A48EA8 /* Assets.xcassets */ = {isa = PBXFileReference; lastKnownFileType = folder.assetcatalog; path = Assets.xcassets; sourceTree = "<group>"; };
		BA1688CD29979E4200A48EA8 /* Preview Assets.xcassets */ = {isa = PBXFileReference; lastKnownFileType = folder.assetcatalog; path = "Preview Assets.xcassets"; sourceTree = "<group>"; };
		BA1688D429979E4200A48EA8 /* Info.plist */ = {isa = PBXFileReference; lastKnownFileType = text.plist.xml; path = Info.plist; sourceTree = "<group>"; };
		BA1688DB29979FC100A48EA8 /* 4-letter-words.json */ = {isa = PBXFileReference; fileEncoding = 4; lastKnownFileType = text.json; path = "4-letter-words.json"; sourceTree = "<group>"; };
		BA1688DC29979FC100A48EA8 /* 7-letter-words.json */ = {isa = PBXFileReference; fileEncoding = 4; lastKnownFileType = text.json; path = "7-letter-words.json"; sourceTree = "<group>"; };
		BA1688DE29979FC100A48EA8 /* 8-letter-words.json */ = {isa = PBXFileReference; fileEncoding = 4; lastKnownFileType = text.json; path = "8-letter-words.json"; sourceTree = "<group>"; };
		BA1688E029979FC100A48EA8 /* 9-letter-words.json */ = {isa = PBXFileReference; fileEncoding = 4; lastKnownFileType = text.json; path = "9-letter-words.json"; sourceTree = "<group>"; };
		BA1688E329979FC100A48EA8 /* 6-letter-words.json */ = {isa = PBXFileReference; fileEncoding = 4; lastKnownFileType = text.json; path = "6-letter-words.json"; sourceTree = "<group>"; };
		BA1688E529979FC100A48EA8 /* 5-letter-words.json */ = {isa = PBXFileReference; fileEncoding = 4; lastKnownFileType = text.json; path = "5-letter-words.json"; sourceTree = "<group>"; };
		BA1688F329979FE200A48EA8 /* correct-words.json */ = {isa = PBXFileReference; fileEncoding = 4; lastKnownFileType = text.json; path = "correct-words.json"; sourceTree = "<group>"; };
		BA1688F52997A08E00A48EA8 /* SwiftyJSON.swift */ = {isa = PBXFileReference; fileEncoding = 4; lastKnownFileType = sourcecode.swift; path = SwiftyJSON.swift; sourceTree = "<group>"; };
		BA1688F72997A13000A48EA8 /* dictio.entitlements */ = {isa = PBXFileReference; lastKnownFileType = text.plist.entitlements; path = dictio.entitlements; sourceTree = "<group>"; };
		BA1688F92997A18600A48EA8 /* StoreKit.framework */ = {isa = PBXFileReference; lastKnownFileType = wrapper.framework; name = StoreKit.framework; path = System/Library/Frameworks/StoreKit.framework; sourceTree = SDKROOT; };
		BA1688FB2997A30E00A48EA8 /* FunctionsClassesStructs.swift */ = {isa = PBXFileReference; lastKnownFileType = sourcecode.swift; path = FunctionsClassesStructs.swift; sourceTree = "<group>"; };
		BA16890829993A0C00A48EA8 /* Notes.md */ = {isa = PBXFileReference; lastKnownFileType = net.daringfireball.markdown; path = Notes.md; sourceTree = "<group>"; };
		BA16890929993E2600A48EA8 /* HomeView.swift */ = {isa = PBXFileReference; lastKnownFileType = sourcecode.swift; path = HomeView.swift; sourceTree = "<group>"; };
		BA16890B299945C200A48EA8 /* GameCenterHandlers.swift */ = {isa = PBXFileReference; lastKnownFileType = sourcecode.swift; path = GameCenterHandlers.swift; sourceTree = "<group>"; };
		BA16890D29995D5D00A48EA8 /* daily-words.json */ = {isa = PBXFileReference; fileEncoding = 4; lastKnownFileType = text.json; path = "daily-words.json"; sourceTree = "<group>"; };
		BA16890F29995DC700A48EA8 /* DailyWordsArrage.swift */ = {isa = PBXFileReference; lastKnownFileType = sourcecode.swift; path = DailyWordsArrage.swift; sourceTree = "<group>"; };
		BA16891229996AE800A48EA8 /* daily-words-date.json */ = {isa = PBXFileReference; fileEncoding = 4; lastKnownFileType = text.json; path = "daily-words-date.json"; sourceTree = "<group>"; };
		BA168914299A594E00A48EA8 /* GameView.swift */ = {isa = PBXFileReference; lastKnownFileType = sourcecode.swift; path = GameView.swift; sourceTree = "<group>"; };
		BA168916299A95F700A48EA8 /* LeaderboardView.swift */ = {isa = PBXFileReference; lastKnownFileType = sourcecode.swift; path = LeaderboardView.swift; sourceTree = "<group>"; };
		BA168918299AB17100A48EA8 /* InitialisationView.swift */ = {isa = PBXFileReference; lastKnownFileType = sourcecode.swift; path = InitialisationView.swift; sourceTree = "<group>"; };
		BA16891F299AB6C400A48EA8 /* StatsView.swift */ = {isa = PBXFileReference; lastKnownFileType = sourcecode.swift; path = StatsView.swift; sourceTree = "<group>"; };
		BA168921299BD1A200A48EA8 /* SessionView.swift */ = {isa = PBXFileReference; lastKnownFileType = sourcecode.swift; path = SessionView.swift; sourceTree = "<group>"; };
		BA168923299BD60200A48EA8 /* State.swift */ = {isa = PBXFileReference; lastKnownFileType = sourcecode.swift; path = State.swift; sourceTree = "<group>"; };
		BA168925299BD67900A48EA8 /* GameSettings.swift */ = {isa = PBXFileReference; lastKnownFileType = sourcecode.swift; path = GameSettings.swift; sourceTree = "<group>"; };
		BA168927299BD69C00A48EA8 /* SessionSettings.swift */ = {isa = PBXFileReference; lastKnownFileType = sourcecode.swift; path = SessionSettings.swift; sourceTree = "<group>"; };
		BA16892A299C013900A48EA8 /* EndGameView.swift */ = {isa = PBXFileReference; lastKnownFileType = sourcecode.swift; path = EndGameView.swift; sourceTree = "<group>"; };
		BA16892C299C058400A48EA8 /* ProfileView.swift */ = {isa = PBXFileReference; lastKnownFileType = sourcecode.swift; path = ProfileView.swift; sourceTree = "<group>"; };
		BA16892E299E344D00A48EA8 /* CoinsView.swift */ = {isa = PBXFileReference; lastKnownFileType = sourcecode.swift; path = CoinsView.swift; sourceTree = "<group>"; };
		BA168930299E3FC700A48EA8 /* CoreDataController.swift */ = {isa = PBXFileReference; lastKnownFileType = sourcecode.swift; path = CoreDataController.swift; sourceTree = "<group>"; };
		BA168933299E44C600A48EA8 /* DictioModel.xcdatamodel */ = {isa = PBXFileReference; lastKnownFileType = wrapper.xcdatamodel; path = DictioModel.xcdatamodel; sourceTree = "<group>"; };
		BA168935299E99F900A48EA8 /* Game+CoreDataClass.swift */ = {isa = PBXFileReference; lastKnownFileType = sourcecode.swift; path = "Game+CoreDataClass.swift"; sourceTree = "<group>"; };
		BA168936299E99F900A48EA8 /* Game+CoreDataProperties.swift */ = {isa = PBXFileReference; lastKnownFileType = sourcecode.swift; path = "Game+CoreDataProperties.swift"; sourceTree = "<group>"; };
		BA168937299E99F900A48EA8 /* Guess+CoreDataClass.swift */ = {isa = PBXFileReference; lastKnownFileType = sourcecode.swift; path = "Guess+CoreDataClass.swift"; sourceTree = "<group>"; };
		BA168938299E99F900A48EA8 /* Guess+CoreDataProperties.swift */ = {isa = PBXFileReference; lastKnownFileType = sourcecode.swift; path = "Guess+CoreDataProperties.swift"; sourceTree = "<group>"; };
/* End PBXFileReference section */

/* Begin PBXFrameworksBuildPhase section */
		BA1688C029979E4100A48EA8 /* Frameworks */ = {
			isa = PBXFrameworksBuildPhase;
			buildActionMask = 2147483647;
			files = (
				BA1688FA2997A18600A48EA8 /* StoreKit.framework in Frameworks */,
			);
			runOnlyForDeploymentPostprocessing = 0;
		};
/* End PBXFrameworksBuildPhase section */

/* Begin PBXGroup section */
		BA1688BA29979E4100A48EA8 = {
			isa = PBXGroup;
			children = (
				BA1688C529979E4100A48EA8 /* dictio */,
				BA1688C429979E4100A48EA8 /* Products */,
				BA1688F82997A18600A48EA8 /* Frameworks */,
			);
			sourceTree = "<group>";
		};
		BA1688C429979E4100A48EA8 /* Products */ = {
			isa = PBXGroup;
			children = (
				BA1688C329979E4100A48EA8 /* dictio.app */,
			);
			name = Products;
			sourceTree = "<group>";
		};
		BA1688C529979E4100A48EA8 /* dictio */ = {
			isa = PBXGroup;
			children = (
				BA16890829993A0C00A48EA8 /* Notes.md */,
				BA1688F72997A13000A48EA8 /* dictio.entitlements */,
				BA1688C629979E4100A48EA8 /* dictioApp.swift */,
				BA16891E299AB69B00A48EA8 /* ParentView */,
				BA16891D299AB67C00A48EA8 /* HomeView */,
				BA16891C299AB67600A48EA8 /* GameView */,
				BA1688FB2997A30E00A48EA8 /* FunctionsClassesStructs.swift */,
				BA16890B299945C200A48EA8 /* GameCenterHandlers.swift */,
				BA16893D29A6183F00A48EA8 /* Data */,
				BA168929299BDF1400A48EA8 /* Settings and State */,
				BA1688CA29979E4200A48EA8 /* Assets.xcassets */,
				BA168911299960E100A48EA8 /* Temporary pages */,
				BA168904299814DC00A48EA8 /* External libraries */,
				BA1688F229979FC600A48EA8 /* Words */,
				BA1688D429979E4200A48EA8 /* Info.plist */,
				BA1688CC29979E4200A48EA8 /* Preview Content */,
			);
			path = dictio;
			sourceTree = "<group>";
		};
		BA1688CC29979E4200A48EA8 /* Preview Content */ = {
			isa = PBXGroup;
			children = (
				BA1688CD29979E4200A48EA8 /* Preview Assets.xcassets */,
			);
			path = "Preview Content";
			sourceTree = "<group>";
		};
		BA1688F229979FC600A48EA8 /* Words */ = {
			isa = PBXGroup;
			children = (
				BA16891229996AE800A48EA8 /* daily-words-date.json */,
				BA16890D29995D5D00A48EA8 /* daily-words.json */,
				BA1688F329979FE200A48EA8 /* correct-words.json */,
				BA1688DB29979FC100A48EA8 /* 4-letter-words.json */,
				BA1688E529979FC100A48EA8 /* 5-letter-words.json */,
				BA1688E329979FC100A48EA8 /* 6-letter-words.json */,
				BA1688DC29979FC100A48EA8 /* 7-letter-words.json */,
				BA1688DE29979FC100A48EA8 /* 8-letter-words.json */,
				BA1688E029979FC100A48EA8 /* 9-letter-words.json */,
			);
			path = Words;
			sourceTree = "<group>";
		};
		BA1688F82997A18600A48EA8 /* Frameworks */ = {
			isa = PBXGroup;
			children = (
				BA1688F92997A18600A48EA8 /* StoreKit.framework */,
			);
			name = Frameworks;
			sourceTree = "<group>";
		};
		BA168904299814DC00A48EA8 /* External libraries */ = {
			isa = PBXGroup;
			children = (
				BA1688F52997A08E00A48EA8 /* SwiftyJSON.swift */,
			);
			path = "External libraries";
			sourceTree = "<group>";
		};
		BA168911299960E100A48EA8 /* Temporary pages */ = {
			isa = PBXGroup;
			children = (
				BA16890F29995DC700A48EA8 /* DailyWordsArrage.swift */,
			);
			path = "Temporary pages";
			sourceTree = "<group>";
		};
		BA16891C299AB67600A48EA8 /* GameView */ = {
			isa = PBXGroup;
			children = (
				BA168914299A594E00A48EA8 /* GameView.swift */,
				BA16892A299C013900A48EA8 /* EndGameView.swift */,
			);
			path = GameView;
			sourceTree = "<group>";
		};
		BA16891D299AB67C00A48EA8 /* HomeView */ = {
			isa = PBXGroup;
			children = (
				BA16890929993E2600A48EA8 /* HomeView.swift */,
				BA16891F299AB6C400A48EA8 /* StatsView.swift */,
				BA168916299A95F700A48EA8 /* LeaderboardView.swift */,
				BA16892C299C058400A48EA8 /* ProfileView.swift */,
				BA16892E299E344D00A48EA8 /* CoinsView.swift */,
			);
			path = HomeView;
			sourceTree = "<group>";
		};
		BA16891E299AB69B00A48EA8 /* ParentView */ = {
			isa = PBXGroup;
			children = (
				BA168918299AB17100A48EA8 /* InitialisationView.swift */,
				BA168921299BD1A200A48EA8 /* SessionView.swift */,
			);
			path = ParentView;
			sourceTree = "<group>";
		};
		BA168929299BDF1400A48EA8 /* Settings and State */ = {
			isa = PBXGroup;
			children = (
				BA168925299BD67900A48EA8 /* GameSettings.swift */,
				BA168927299BD69C00A48EA8 /* SessionSettings.swift */,
				BA168923299BD60200A48EA8 /* State.swift */,
			);
			path = "Settings and State";
			sourceTree = "<group>";
		};
		BA16893D29A6183F00A48EA8 /* Data */ = {
			isa = PBXGroup;
			children = (
				BA168932299E44C600A48EA8 /* PlayerData.xcdatamodeld */,
				BA168930299E3FC700A48EA8 /* CoreDataController.swift */,
				BA168935299E99F900A48EA8 /* Game+CoreDataClass.swift */,
				BA168936299E99F900A48EA8 /* Game+CoreDataProperties.swift */,
				BA168937299E99F900A48EA8 /* Guess+CoreDataClass.swift */,
				BA168938299E99F900A48EA8 /* Guess+CoreDataProperties.swift */,
			);
			path = Data;
			sourceTree = "<group>";
		};
/* End PBXGroup section */

/* Begin PBXNativeTarget section */
		BA1688C229979E4100A48EA8 /* dictio */ = {
			isa = PBXNativeTarget;
			buildConfigurationList = BA1688D729979E4200A48EA8 /* Build configuration list for PBXNativeTarget "dictio" */;
			buildPhases = (
				BA1688BF29979E4100A48EA8 /* Sources */,
				BA1688C029979E4100A48EA8 /* Frameworks */,
				BA1688C129979E4100A48EA8 /* Resources */,
			);
			buildRules = (
			);
			dependencies = (
			);
			name = dictio;
			productName = dictio;
			productReference = BA1688C329979E4100A48EA8 /* dictio.app */;
			productType = "com.apple.product-type.application";
		};
/* End PBXNativeTarget section */

/* Begin PBXProject section */
		BA1688BB29979E4100A48EA8 /* Project object */ = {
			isa = PBXProject;
			attributes = {
				BuildIndependentTargetsInParallel = 1;
				LastSwiftUpdateCheck = 1420;
				LastUpgradeCheck = 1420;
				TargetAttributes = {
					BA1688C229979E4100A48EA8 = {
						CreatedOnToolsVersion = 14.2;
					};
				};
			};
			buildConfigurationList = BA1688BE29979E4100A48EA8 /* Build configuration list for PBXProject "dictio" */;
			compatibilityVersion = "Xcode 14.0";
			developmentRegion = en;
			hasScannedForEncodings = 0;
			knownRegions = (
				en,
				Base,
			);
			mainGroup = BA1688BA29979E4100A48EA8;
			productRefGroup = BA1688C429979E4100A48EA8 /* Products */;
			projectDirPath = "";
			projectRoot = "";
			targets = (
				BA1688C229979E4100A48EA8 /* dictio */,
			);
		};
/* End PBXProject section */

/* Begin PBXResourcesBuildPhase section */
		BA1688C129979E4100A48EA8 /* Resources */ = {
			isa = PBXResourcesBuildPhase;
			buildActionMask = 2147483647;
			files = (
				BA1688EC29979FC100A48EA8 /* 9-letter-words.json in Resources */,
				BA1688EF29979FC100A48EA8 /* 6-letter-words.json in Resources */,
				BA1688E729979FC100A48EA8 /* 4-letter-words.json in Resources */,
				BA1688E829979FC100A48EA8 /* 7-letter-words.json in Resources */,
				BA16890E29995D5D00A48EA8 /* daily-words.json in Resources */,
				BA1688F129979FC100A48EA8 /* 5-letter-words.json in Resources */,
				BA1688F429979FE200A48EA8 /* correct-words.json in Resources */,
				BA1688CE29979E4200A48EA8 /* Preview Assets.xcassets in Resources */,
				BA1688EA29979FC100A48EA8 /* 8-letter-words.json in Resources */,
				BA16891329996AE800A48EA8 /* daily-words-date.json in Resources */,
				BA1688CB29979E4200A48EA8 /* Assets.xcassets in Resources */,
			);
			runOnlyForDeploymentPostprocessing = 0;
		};
/* End PBXResourcesBuildPhase section */

/* Begin PBXSourcesBuildPhase section */
		BA1688BF29979E4100A48EA8 /* Sources */ = {
			isa = PBXSourcesBuildPhase;
			buildActionMask = 2147483647;
			files = (
				BA168934299E44C600A48EA8 /* PlayerData.xcdatamodeld in Sources */,
				BA168926299BD67900A48EA8 /* GameSettings.swift in Sources */,
				BA1688FC2997A30E00A48EA8 /* FunctionsClassesStructs.swift in Sources */,
				BA16890C299945C200A48EA8 /* GameCenterHandlers.swift in Sources */,
				BA16893A299E99F900A48EA8 /* Game+CoreDataProperties.swift in Sources */,
				BA168919299AB17100A48EA8 /* InitialisationView.swift in Sources */,
				BA168928299BD69C00A48EA8 /* SessionSettings.swift in Sources */,
				BA1688C729979E4100A48EA8 /* dictioApp.swift in Sources */,
				BA168915299A594E00A48EA8 /* GameView.swift in Sources */,
				BA16890A29993E2600A48EA8 /* HomeView.swift in Sources */,
				BA16893C299E99F900A48EA8 /* Guess+CoreDataProperties.swift in Sources */,
				BA1688F62997A08E00A48EA8 /* SwiftyJSON.swift in Sources */,
				BA16892B299C013900A48EA8 /* EndGameView.swift in Sources */,
				BA168917299A95F700A48EA8 /* LeaderboardView.swift in Sources */,
				BA168922299BD1A200A48EA8 /* SessionView.swift in Sources */,
				BA16893B299E99F900A48EA8 /* Guess+CoreDataClass.swift in Sources */,
				BA168920299AB6C400A48EA8 /* StatsView.swift in Sources */,
				BA168924299BD60200A48EA8 /* State.swift in Sources */,
				BA16892D299C058400A48EA8 /* ProfileView.swift in Sources */,
				BA168931299E3FC700A48EA8 /* CoreDataController.swift in Sources */,
				BA16892F299E344D00A48EA8 /* CoinsView.swift in Sources */,
				BA16891029995DC700A48EA8 /* DailyWordsArrage.swift in Sources */,
				BA168939299E99F900A48EA8 /* Game+CoreDataClass.swift in Sources */,
			);
			runOnlyForDeploymentPostprocessing = 0;
		};
/* End PBXSourcesBuildPhase section */

/* Begin XCBuildConfiguration section */
		BA1688D529979E4200A48EA8 /* Debug */ = {
			isa = XCBuildConfiguration;
			buildSettings = {
				ALWAYS_SEARCH_USER_PATHS = NO;
				CLANG_ANALYZER_NONNULL = YES;
				CLANG_ANALYZER_NUMBER_OBJECT_CONVERSION = YES_AGGRESSIVE;
				CLANG_CXX_LANGUAGE_STANDARD = "gnu++20";
				CLANG_ENABLE_MODULES = YES;
				CLANG_ENABLE_OBJC_ARC = YES;
				CLANG_ENABLE_OBJC_WEAK = YES;
				CLANG_WARN_BLOCK_CAPTURE_AUTORELEASING = YES;
				CLANG_WARN_BOOL_CONVERSION = YES;
				CLANG_WARN_COMMA = YES;
				CLANG_WARN_CONSTANT_CONVERSION = YES;
				CLANG_WARN_DEPRECATED_OBJC_IMPLEMENTATIONS = YES;
				CLANG_WARN_DIRECT_OBJC_ISA_USAGE = YES_ERROR;
				CLANG_WARN_DOCUMENTATION_COMMENTS = YES;
				CLANG_WARN_EMPTY_BODY = YES;
				CLANG_WARN_ENUM_CONVERSION = YES;
				CLANG_WARN_INFINITE_RECURSION = YES;
				CLANG_WARN_INT_CONVERSION = YES;
				CLANG_WARN_NON_LITERAL_NULL_CONVERSION = YES;
				CLANG_WARN_OBJC_IMPLICIT_RETAIN_SELF = YES;
				CLANG_WARN_OBJC_LITERAL_CONVERSION = YES;
				CLANG_WARN_OBJC_ROOT_CLASS = YES_ERROR;
				CLANG_WARN_QUOTED_INCLUDE_IN_FRAMEWORK_HEADER = YES;
				CLANG_WARN_RANGE_LOOP_ANALYSIS = YES;
				CLANG_WARN_STRICT_PROTOTYPES = YES;
				CLANG_WARN_SUSPICIOUS_MOVE = YES;
				CLANG_WARN_UNGUARDED_AVAILABILITY = YES_AGGRESSIVE;
				CLANG_WARN_UNREACHABLE_CODE = YES;
				CLANG_WARN__DUPLICATE_METHOD_MATCH = YES;
				COPY_PHASE_STRIP = NO;
				DEBUG_INFORMATION_FORMAT = dwarf;
				ENABLE_STRICT_OBJC_MSGSEND = YES;
				ENABLE_TESTABILITY = YES;
				GCC_C_LANGUAGE_STANDARD = gnu11;
				GCC_DYNAMIC_NO_PIC = NO;
				GCC_NO_COMMON_BLOCKS = YES;
				GCC_OPTIMIZATION_LEVEL = 0;
				GCC_PREPROCESSOR_DEFINITIONS = (
					"DEBUG=1",
					"$(inherited)",
				);
				GCC_WARN_64_TO_32_BIT_CONVERSION = YES;
				GCC_WARN_ABOUT_RETURN_TYPE = YES_ERROR;
				GCC_WARN_UNDECLARED_SELECTOR = YES;
				GCC_WARN_UNINITIALIZED_AUTOS = YES_AGGRESSIVE;
				GCC_WARN_UNUSED_FUNCTION = YES;
				GCC_WARN_UNUSED_VARIABLE = YES;
				IPHONEOS_DEPLOYMENT_TARGET = 16.2;
				MTL_ENABLE_DEBUG_INFO = INCLUDE_SOURCE;
				MTL_FAST_MATH = YES;
				ONLY_ACTIVE_ARCH = YES;
				SDKROOT = iphoneos;
				SWIFT_ACTIVE_COMPILATION_CONDITIONS = DEBUG;
				SWIFT_OPTIMIZATION_LEVEL = "-Onone";
			};
			name = Debug;
		};
		BA1688D629979E4200A48EA8 /* Release */ = {
			isa = XCBuildConfiguration;
			buildSettings = {
				ALWAYS_SEARCH_USER_PATHS = NO;
				CLANG_ANALYZER_NONNULL = YES;
				CLANG_ANALYZER_NUMBER_OBJECT_CONVERSION = YES_AGGRESSIVE;
				CLANG_CXX_LANGUAGE_STANDARD = "gnu++20";
				CLANG_ENABLE_MODULES = YES;
				CLANG_ENABLE_OBJC_ARC = YES;
				CLANG_ENABLE_OBJC_WEAK = YES;
				CLANG_WARN_BLOCK_CAPTURE_AUTORELEASING = YES;
				CLANG_WARN_BOOL_CONVERSION = YES;
				CLANG_WARN_COMMA = YES;
				CLANG_WARN_CONSTANT_CONVERSION = YES;
				CLANG_WARN_DEPRECATED_OBJC_IMPLEMENTATIONS = YES;
				CLANG_WARN_DIRECT_OBJC_ISA_USAGE = YES_ERROR;
				CLANG_WARN_DOCUMENTATION_COMMENTS = YES;
				CLANG_WARN_EMPTY_BODY = YES;
				CLANG_WARN_ENUM_CONVERSION = YES;
				CLANG_WARN_INFINITE_RECURSION = YES;
				CLANG_WARN_INT_CONVERSION = YES;
				CLANG_WARN_NON_LITERAL_NULL_CONVERSION = YES;
				CLANG_WARN_OBJC_IMPLICIT_RETAIN_SELF = YES;
				CLANG_WARN_OBJC_LITERAL_CONVERSION = YES;
				CLANG_WARN_OBJC_ROOT_CLASS = YES_ERROR;
				CLANG_WARN_QUOTED_INCLUDE_IN_FRAMEWORK_HEADER = YES;
				CLANG_WARN_RANGE_LOOP_ANALYSIS = YES;
				CLANG_WARN_STRICT_PROTOTYPES = YES;
				CLANG_WARN_SUSPICIOUS_MOVE = YES;
				CLANG_WARN_UNGUARDED_AVAILABILITY = YES_AGGRESSIVE;
				CLANG_WARN_UNREACHABLE_CODE = YES;
				CLANG_WARN__DUPLICATE_METHOD_MATCH = YES;
				COPY_PHASE_STRIP = NO;
				DEBUG_INFORMATION_FORMAT = "dwarf-with-dsym";
				ENABLE_NS_ASSERTIONS = NO;
				ENABLE_STRICT_OBJC_MSGSEND = YES;
				GCC_C_LANGUAGE_STANDARD = gnu11;
				GCC_NO_COMMON_BLOCKS = YES;
				GCC_WARN_64_TO_32_BIT_CONVERSION = YES;
				GCC_WARN_ABOUT_RETURN_TYPE = YES_ERROR;
				GCC_WARN_UNDECLARED_SELECTOR = YES;
				GCC_WARN_UNINITIALIZED_AUTOS = YES_AGGRESSIVE;
				GCC_WARN_UNUSED_FUNCTION = YES;
				GCC_WARN_UNUSED_VARIABLE = YES;
				IPHONEOS_DEPLOYMENT_TARGET = 16.2;
				MTL_ENABLE_DEBUG_INFO = NO;
				MTL_FAST_MATH = YES;
				SDKROOT = iphoneos;
				SWIFT_COMPILATION_MODE = wholemodule;
				SWIFT_OPTIMIZATION_LEVEL = "-O";
				VALIDATE_PRODUCT = YES;
			};
			name = Release;
		};
		BA1688D829979E4200A48EA8 /* Debug */ = {
			isa = XCBuildConfiguration;
			buildSettings = {
				ASSETCATALOG_COMPILER_APPICON_NAME = AppIcon;
				ASSETCATALOG_COMPILER_GLOBAL_ACCENT_COLOR_NAME = AccentColor;
				CODE_SIGN_ENTITLEMENTS = dictio/dictio.entitlements;
				CODE_SIGN_STYLE = Automatic;
				CURRENT_PROJECT_VERSION = 1;
				DEVELOPMENT_ASSET_PATHS = "\"dictio/Preview Content\"";
				DEVELOPMENT_TEAM = 42JRT5DE2Z;
				ENABLE_PREVIEWS = YES;
				GENERATE_INFOPLIST_FILE = YES;
				INFOPLIST_KEY_UIApplicationSceneManifest_Generation = YES;
				INFOPLIST_KEY_UIApplicationSupportsIndirectInputEvents = YES;
				INFOPLIST_KEY_UILaunchScreen_Generation = YES;
				INFOPLIST_KEY_UISupportedInterfaceOrientations_iPad = "UIInterfaceOrientationPortrait UIInterfaceOrientationPortraitUpsideDown UIInterfaceOrientationLandscapeLeft UIInterfaceOrientationLandscapeRight";
				INFOPLIST_KEY_UISupportedInterfaceOrientations_iPhone = "UIInterfaceOrientationPortrait UIInterfaceOrientationLandscapeLeft UIInterfaceOrientationLandscapeRight";
				LD_RUNPATH_SEARCH_PATHS = (
					"$(inherited)",
					"@executable_path/Frameworks",
				);
				MARKETING_VERSION = 1.0;
				PRODUCT_BUNDLE_IDENTIFIER = co.uk.fionakate.dictio;
				PRODUCT_NAME = "$(TARGET_NAME)";
				SWIFT_EMIT_LOC_STRINGS = YES;
				SWIFT_VERSION = 5.0;
				TARGETED_DEVICE_FAMILY = "1,2";
			};
			name = Debug;
		};
		BA1688D929979E4200A48EA8 /* Release */ = {
			isa = XCBuildConfiguration;
			buildSettings = {
				ASSETCATALOG_COMPILER_APPICON_NAME = AppIcon;
				ASSETCATALOG_COMPILER_GLOBAL_ACCENT_COLOR_NAME = AccentColor;
				CODE_SIGN_ENTITLEMENTS = dictio/dictio.entitlements;
				CODE_SIGN_STYLE = Automatic;
				CURRENT_PROJECT_VERSION = 1;
				DEVELOPMENT_ASSET_PATHS = "\"dictio/Preview Content\"";
				DEVELOPMENT_TEAM = 42JRT5DE2Z;
				ENABLE_PREVIEWS = YES;
				GENERATE_INFOPLIST_FILE = YES;
				INFOPLIST_KEY_UIApplicationSceneManifest_Generation = YES;
				INFOPLIST_KEY_UIApplicationSupportsIndirectInputEvents = YES;
				INFOPLIST_KEY_UILaunchScreen_Generation = YES;
				INFOPLIST_KEY_UISupportedInterfaceOrientations_iPad = "UIInterfaceOrientationPortrait UIInterfaceOrientationPortraitUpsideDown UIInterfaceOrientationLandscapeLeft UIInterfaceOrientationLandscapeRight";
				INFOPLIST_KEY_UISupportedInterfaceOrientations_iPhone = "UIInterfaceOrientationPortrait UIInterfaceOrientationLandscapeLeft UIInterfaceOrientationLandscapeRight";
				LD_RUNPATH_SEARCH_PATHS = (
					"$(inherited)",
					"@executable_path/Frameworks",
				);
				MARKETING_VERSION = 1.0;
				PRODUCT_BUNDLE_IDENTIFIER = co.uk.fionakate.dictio;
				PRODUCT_NAME = "$(TARGET_NAME)";
				SWIFT_EMIT_LOC_STRINGS = YES;
				SWIFT_VERSION = 5.0;
				TARGETED_DEVICE_FAMILY = "1,2";
			};
			name = Release;
		};
/* End XCBuildConfiguration section */

/* Begin XCConfigurationList section */
		BA1688BE29979E4100A48EA8 /* Build configuration list for PBXProject "dictio" */ = {
			isa = XCConfigurationList;
			buildConfigurations = (
				BA1688D529979E4200A48EA8 /* Debug */,
				BA1688D629979E4200A48EA8 /* Release */,
			);
			defaultConfigurationIsVisible = 0;
			defaultConfigurationName = Release;
		};
		BA1688D729979E4200A48EA8 /* Build configuration list for PBXNativeTarget "dictio" */ = {
			isa = XCConfigurationList;
			buildConfigurations = (
				BA1688D829979E4200A48EA8 /* Debug */,
				BA1688D929979E4200A48EA8 /* Release */,
			);
			defaultConfigurationIsVisible = 0;
			defaultConfigurationName = Release;
		};
/* End XCConfigurationList section */

/* Begin XCVersionGroup section */
		BA168932299E44C600A48EA8 /* PlayerData.xcdatamodeld */ = {
			isa = XCVersionGroup;
			children = (
				BA168933299E44C600A48EA8 /* DictioModel.xcdatamodel */,
			);
			currentVersion = BA168933299E44C600A48EA8 /* DictioModel.xcdatamodel */;
			path = PlayerData.xcdatamodeld;
			sourceTree = "<group>";
			versionGroupType = wrapper.xcdatamodel;
		};
/* End XCVersionGroup section */
	};
	rootObject = BA1688BB29979E4100A48EA8 /* Project object */;
}
